// !$*UTF8*$!
{
	archiveVersion = 1;
	classes = {
	};
	objectVersion = 55;
	objects = {

/* Begin PBXBuildFile section */
		22520E2527CC3D2800D714EA /* HopeApp.swift in Sources */ = {isa = PBXBuildFile; fileRef = 22520E2427CC3D2800D714EA /* HopeApp.swift */; };
		22520E2727CC3D2800D714EA /* ContentView.swift in Sources */ = {isa = PBXBuildFile; fileRef = 22520E2627CC3D2800D714EA /* ContentView.swift */; };
		22520E2927CC3D2B00D714EA /* Assets.xcassets in Resources */ = {isa = PBXBuildFile; fileRef = 22520E2827CC3D2A00D714EA /* Assets.xcassets */; };
		22520E2C27CC3D2B00D714EA /* Preview Assets.xcassets in Resources */ = {isa = PBXBuildFile; fileRef = 22520E2B27CC3D2B00D714EA /* Preview Assets.xcassets */; };
		22520E3627CC3D2B00D714EA /* HopeTests.swift in Sources */ = {isa = PBXBuildFile; fileRef = 22520E3527CC3D2B00D714EA /* HopeTests.swift */; };
		22520E4027CC3D2B00D714EA /* HopeUITests.swift in Sources */ = {isa = PBXBuildFile; fileRef = 22520E3F27CC3D2B00D714EA /* HopeUITests.swift */; };
		22520E4227CC3D2B00D714EA /* HopeUITestsLaunchTests.swift in Sources */ = {isa = PBXBuildFile; fileRef = 22520E4127CC3D2B00D714EA /* HopeUITestsLaunchTests.swift */; };
/* End PBXBuildFile section */

/* Begin PBXContainerItemProxy section */
		22520E3227CC3D2B00D714EA /* PBXContainerItemProxy */ = {
			isa = PBXContainerItemProxy;
			containerPortal = 22520E1927CC3D2800D714EA /* Project object */;
			proxyType = 1;
			remoteGlobalIDString = 22520E2027CC3D2800D714EA;
			remoteInfo = Hope;
		};
		22520E3C27CC3D2B00D714EA /* PBXContainerItemProxy */ = {
			isa = PBXContainerItemProxy;
			containerPortal = 22520E1927CC3D2800D714EA /* Project object */;
			proxyType = 1;
			remoteGlobalIDString = 22520E2027CC3D2800D714EA;
			remoteInfo = Hope;
		};
/* End PBXContainerItemProxy section */

/* Begin PBXFileReference section */
		22520E2127CC3D2800D714EA /* Hope.app */ = {isa = PBXFileReference; explicitFileType = wrapper.application; includeInIndex = 0; path = Hope.app; sourceTree = BUILT_PRODUCTS_DIR; };
		22520E2427CC3D2800D714EA /* HopeApp.swift */ = {isa = PBXFileReference; lastKnownFileType = sourcecode.swift; path = HopeApp.swift; sourceTree = "<group>"; };
		22520E2627CC3D2800D714EA /* ContentView.swift */ = {isa = PBXFileReference; lastKnownFileType = sourcecode.swift; path = ContentView.swift; sourceTree = "<group>"; };
		22520E2827CC3D2A00D714EA /* Assets.xcassets */ = {isa = PBXFileReference; lastKnownFileType = folder.assetcatalog; path = Assets.xcassets; sourceTree = "<group>"; };
		22520E2B27CC3D2B00D714EA /* Preview Assets.xcassets */ = {isa = PBXFileReference; lastKnownFileType = folder.assetcatalog; path = "Preview Assets.xcassets"; sourceTree = "<group>"; };
		22520E3127CC3D2B00D714EA /* HopeTests.xctest */ = {isa = PBXFileReference; explicitFileType = wrapper.cfbundle; includeInIndex = 0; path = HopeTests.xctest; sourceTree = BUILT_PRODUCTS_DIR; };
		22520E3527CC3D2B00D714EA /* HopeTests.swift */ = {isa = PBXFileReference; lastKnownFileType = sourcecode.swift; path = HopeTests.swift; sourceTree = "<group>"; };
		22520E3B27CC3D2B00D714EA /* HopeUITests.xctest */ = {isa = PBXFileReference; explicitFileType = wrapper.cfbundle; includeInIndex = 0; path = HopeUITests.xctest; sourceTree = BUILT_PRODUCTS_DIR; };
		22520E3F27CC3D2B00D714EA /* HopeUITests.swift */ = {isa = PBXFileReference; lastKnownFileType = sourcecode.swift; path = HopeUITests.swift; sourceTree = "<group>"; };
		22520E4127CC3D2B00D714EA /* HopeUITestsLaunchTests.swift */ = {isa = PBXFileReference; lastKnownFileType = sourcecode.swift; path = HopeUITestsLaunchTests.swift; sourceTree = "<group>"; };
/* End PBXFileReference section */

/* Begin PBXFrameworksBuildPhase section */
		22520E1E27CC3D2800D714EA /* Frameworks */ = {
			isa = PBXFrameworksBuildPhase;
			buildActionMask = 2147483647;
			files = (
			);
			runOnlyForDeploymentPostprocessing = 0;
		};
		22520E2E27CC3D2B00D714EA /* Frameworks */ = {
			isa = PBXFrameworksBuildPhase;
			buildActionMask = 2147483647;
			files = (
			);
			runOnlyForDeploymentPostprocessing = 0;
		};
		22520E3827CC3D2B00D714EA /* Frameworks */ = {
			isa = PBXFrameworksBuildPhase;
			buildActionMask = 2147483647;
			files = (
			);
			runOnlyForDeploymentPostprocessing = 0;
		};
/* End PBXFrameworksBuildPhase section */

/* Begin PBXGroup section */
		22520E1827CC3D2800D714EA = {
			isa = PBXGroup;
			children = (
				22520E2327CC3D2800D714EA /* Hope */,
				22520E3427CC3D2B00D714EA /* HopeTests */,
				22520E3E27CC3D2B00D714EA /* HopeUITests */,
				22520E2227CC3D2800D714EA /* Products */,
			);
			sourceTree = "<group>";
		};
		22520E2227CC3D2800D714EA /* Products */ = {
			isa = PBXGroup;
			children = (
				22520E2127CC3D2800D714EA /* Hope.app */,
				22520E3127CC3D2B00D714EA /* HopeTests.xctest */,
				22520E3B27CC3D2B00D714EA /* HopeUITests.xctest */,
			);
			name = Products;
			sourceTree = "<group>";
		};
		22520E2327CC3D2800D714EA /* Hope */ = {
			isa = PBXGroup;
			children = (
				22520E2427CC3D2800D714EA /* HopeApp.swift */,
				22520E2627CC3D2800D714EA /* ContentView.swift */,
				22520E2827CC3D2A00D714EA /* Assets.xcassets */,
				22520E2A27CC3D2B00D714EA /* Preview Content */,
			);
			path = Hope;
			sourceTree = "<group>";
		};
		22520E2A27CC3D2B00D714EA /* Preview Content */ = {
			isa = PBXGroup;
			children = (
				22520E2B27CC3D2B00D714EA /* Preview Assets.xcassets */,
			);
			path = "Preview Content";
			sourceTree = "<group>";
		};
		22520E3427CC3D2B00D714EA /* HopeTests */ = {
			isa = PBXGroup;
			children = (
				22520E3527CC3D2B00D714EA /* HopeTests.swift */,
			);
			path = HopeTests;
			sourceTree = "<group>";
		};
		22520E3E27CC3D2B00D714EA /* HopeUITests */ = {
			isa = PBXGroup;
			children = (
				22520E3F27CC3D2B00D714EA /* HopeUITests.swift */,
				22520E4127CC3D2B00D714EA /* HopeUITestsLaunchTests.swift */,
			);
			path = HopeUITests;
			sourceTree = "<group>";
		};
/* End PBXGroup section */

/* Begin PBXNativeTarget section */
		22520E2027CC3D2800D714EA /* Hope */ = {
			isa = PBXNativeTarget;
			buildConfigurationList = 22520E4527CC3D2B00D714EA /* Build configuration list for PBXNativeTarget "Hope" */;
			buildPhases = (
				22520E1D27CC3D2800D714EA /* Sources */,
				22520E1E27CC3D2800D714EA /* Frameworks */,
				22520E1F27CC3D2800D714EA /* Resources */,
			);
			buildRules = (
			);
			dependencies = (
			);
			name = Hope;
			productName = Hope;
			productReference = 22520E2127CC3D2800D714EA /* Hope.app */;
			productType = "com.apple.product-type.application";
		};
		22520E3027CC3D2B00D714EA /* HopeTests */ = {
			isa = PBXNativeTarget;
			buildConfigurationList = 22520E4827CC3D2B00D714EA /* Build configuration list for PBXNativeTarget "HopeTests" */;
			buildPhases = (
				22520E2D27CC3D2B00D714EA /* Sources */,
				22520E2E27CC3D2B00D714EA /* Frameworks */,
				22520E2F27CC3D2B00D714EA /* Resources */,
			);
			buildRules = (
			);
			dependencies = (
				22520E3327CC3D2B00D714EA /* PBXTargetDependency */,
			);
			name = HopeTests;
			productName = HopeTests;
			productReference = 22520E3127CC3D2B00D714EA /* HopeTests.xctest */;
			productType = "com.apple.product-type.bundle.unit-test";
		};
		22520E3A27CC3D2B00D714EA /* HopeUITests */ = {
			isa = PBXNativeTarget;
			buildConfigurationList = 22520E4B27CC3D2B00D714EA /* Build configuration list for PBXNativeTarget "HopeUITests" */;
			buildPhases = (
				22520E3727CC3D2B00D714EA /* Sources */,
				22520E3827CC3D2B00D714EA /* Frameworks */,
				22520E3927CC3D2B00D714EA /* Resources */,
			);
			buildRules = (
			);
			dependencies = (
				22520E3D27CC3D2B00D714EA /* PBXTargetDependency */,
			);
			name = HopeUITests;
			productName = HopeUITests;
			productReference = 22520E3B27CC3D2B00D714EA /* HopeUITests.xctest */;
			productType = "com.apple.product-type.bundle.ui-testing";
		};
/* End PBXNativeTarget section */

/* Begin PBXProject section */
		22520E1927CC3D2800D714EA /* Project object */ = {
			isa = PBXProject;
			attributes = {
				BuildIndependentTargetsInParallel = 1;
				LastSwiftUpdateCheck = 1320;
				LastUpgradeCheck = 1320;
				TargetAttributes = {
					22520E2027CC3D2800D714EA = {
						CreatedOnToolsVersion = 13.2.1;
					};
					22520E3027CC3D2B00D714EA = {
						CreatedOnToolsVersion = 13.2.1;
						TestTargetID = 22520E2027CC3D2800D714EA;
					};
					22520E3A27CC3D2B00D714EA = {
						CreatedOnToolsVersion = 13.2.1;
						TestTargetID = 22520E2027CC3D2800D714EA;
					};
				};
			};
			buildConfigurationList = 22520E1C27CC3D2800D714EA /* Build configuration list for PBXProject "Hope" */;
			compatibilityVersion = "Xcode 13.0";
			developmentRegion = en;
			hasScannedForEncodings = 0;
			knownRegions = (
				en,
				Base,
			);
			mainGroup = 22520E1827CC3D2800D714EA;
			productRefGroup = 22520E2227CC3D2800D714EA /* Products */;
			projectDirPath = "";
			projectRoot = "";
			targets = (
				22520E2027CC3D2800D714EA /* Hope */,
				22520E3027CC3D2B00D714EA /* HopeTests */,
				22520E3A27CC3D2B00D714EA /* HopeUITests */,
			);
		};
/* End PBXProject section */

/* Begin PBXResourcesBuildPhase section */
		22520E1F27CC3D2800D714EA /* Resources */ = {
			isa = PBXResourcesBuildPhase;
			buildActionMask = 2147483647;
			files = (
				22520E2C27CC3D2B00D714EA /* Preview Assets.xcassets in Resources */,
				22520E2927CC3D2B00D714EA /* Assets.xcassets in Resources */,
			);
			runOnlyForDeploymentPostprocessing = 0;
		};
		22520E2F27CC3D2B00D714EA /* Resources */ = {
			isa = PBXResourcesBuildPhase;
			buildActionMask = 2147483647;
			files = (
			);
			runOnlyForDeploymentPostprocessing = 0;
		};
		22520E3927CC3D2B00D714EA /* Resources */ = {
			isa = PBXResourcesBuildPhase;
			buildActionMask = 2147483647;
			files = (
			);
			runOnlyForDeploymentPostprocessing = 0;
		};
/* End PBXResourcesBuildPhase section */

/* Begin PBXSourcesBuildPhase section */
		22520E1D27CC3D2800D714EA /* Sources */ = {
			isa = PBXSourcesBuildPhase;
			buildActionMask = 2147483647;
			files = (
				22520E2727CC3D2800D714EA /* ContentView.swift in Sources */,
				22520E2527CC3D2800D714EA /* HopeApp.swift in Sources */,
			);
			runOnlyForDeploymentPostprocessing = 0;
		};
		22520E2D27CC3D2B00D714EA /* Sources */ = {
			isa = PBXSourcesBuildPhase;
			buildActionMask = 2147483647;
			files = (
				22520E3627CC3D2B00D714EA /* HopeTests.swift in Sources */,
			);
			runOnlyForDeploymentPostprocessing = 0;
		};
		22520E3727CC3D2B00D714EA /* Sources */ = {
			isa = PBXSourcesBuildPhase;
			buildActionMask = 2147483647;
			files = (
				22520E4227CC3D2B00D714EA /* HopeUITestsLaunchTests.swift in Sources */,
				22520E4027CC3D2B00D714EA /* HopeUITests.swift in Sources */,
			);
			runOnlyForDeploymentPostprocessing = 0;
		};
/* End PBXSourcesBuildPhase section */

/* Begin PBXTargetDependency section */
		22520E3327CC3D2B00D714EA /* PBXTargetDependency */ = {
			isa = PBXTargetDependency;
			target = 22520E2027CC3D2800D714EA /* Hope */;
			targetProxy = 22520E3227CC3D2B00D714EA /* PBXContainerItemProxy */;
		};
		22520E3D27CC3D2B00D714EA /* PBXTargetDependency */ = {
			isa = PBXTargetDependency;
			target = 22520E2027CC3D2800D714EA /* Hope */;
			targetProxy = 22520E3C27CC3D2B00D714EA /* PBXContainerItemProxy */;
		};
/* End PBXTargetDependency section */

/* Begin XCBuildConfiguration section */
		22520E4327CC3D2B00D714EA /* Debug */ = {
			isa = XCBuildConfiguration;
			buildSettings = {
				ALWAYS_SEARCH_USER_PATHS = NO;
				CLANG_ANALYZER_NONNULL = YES;
				CLANG_ANALYZER_NUMBER_OBJECT_CONVERSION = YES_AGGRESSIVE;
				CLANG_CXX_LANGUAGE_STANDARD = "gnu++17";
				CLANG_CXX_LIBRARY = "libc++";
				CLANG_ENABLE_MODULES = YES;
				CLANG_ENABLE_OBJC_ARC = YES;
				CLANG_ENABLE_OBJC_WEAK = YES;
				CLANG_WARN_BLOCK_CAPTURE_AUTORELEASING = YES;
				CLANG_WARN_BOOL_CONVERSION = YES;
				CLANG_WARN_COMMA = YES;
				CLANG_WARN_CONSTANT_CONVERSION = YES;
				CLANG_WARN_DEPRECATED_OBJC_IMPLEMENTATIONS = YES;
				CLANG_WARN_DIRECT_OBJC_ISA_USAGE = YES_ERROR;
				CLANG_WARN_DOCUMENTATION_COMMENTS = YES;
				CLANG_WARN_EMPTY_BODY = YES;
				CLANG_WARN_ENUM_CONVERSION = YES;
				CLANG_WARN_INFINITE_RECURSION = YES;
				CLANG_WARN_INT_CONVERSION = YES;
				CLANG_WARN_NON_LITERAL_NULL_CONVERSION = YES;
				CLANG_WARN_OBJC_IMPLICIT_RETAIN_SELF = YES;
				CLANG_WARN_OBJC_LITERAL_CONVERSION = YES;
				CLANG_WARN_OBJC_ROOT_CLASS = YES_ERROR;
				CLANG_WARN_QUOTED_INCLUDE_IN_FRAMEWORK_HEADER = YES;
				CLANG_WARN_RANGE_LOOP_ANALYSIS = YES;
				CLANG_WARN_STRICT_PROTOTYPES = YES;
				CLANG_WARN_SUSPICIOUS_MOVE = YES;
				CLANG_WARN_UNGUARDED_AVAILABILITY = YES_AGGRESSIVE;
				CLANG_WARN_UNREACHABLE_CODE = YES;
				CLANG_WARN__DUPLICATE_METHOD_MATCH = YES;
				COPY_PHASE_STRIP = NO;
				DEBUG_INFORMATION_FORMAT = dwarf;
				ENABLE_STRICT_OBJC_MSGSEND = YES;
				ENABLE_TESTABILITY = YES;
				GCC_C_LANGUAGE_STANDARD = gnu11;
				GCC_DYNAMIC_NO_PIC = NO;
				GCC_NO_COMMON_BLOCKS = YES;
				GCC_OPTIMIZATION_LEVEL = 0;
				GCC_PREPROCESSOR_DEFINITIONS = (
					"DEBUG=1",
					"$(inherited)",
				);
				GCC_WARN_64_TO_32_BIT_CONVERSION = YES;
				GCC_WARN_ABOUT_RETURN_TYPE = YES_ERROR;
				GCC_WARN_UNDECLARED_SELECTOR = YES;
				GCC_WARN_UNINITIALIZED_AUTOS = YES_AGGRESSIVE;
				GCC_WARN_UNUSED_FUNCTION = YES;
				GCC_WARN_UNUSED_VARIABLE = YES;
				IPHONEOS_DEPLOYMENT_TARGET = 15.2;
				MTL_ENABLE_DEBUG_INFO = INCLUDE_SOURCE;
				MTL_FAST_MATH = YES;
				ONLY_ACTIVE_ARCH = YES;
				SDKROOT = iphoneos;
				SWIFT_ACTIVE_COMPILATION_CONDITIONS = DEBUG;
				SWIFT_OPTIMIZATION_LEVEL = "-Onone";
			};
			name = Debug;
		};
		22520E4427CC3D2B00D714EA /* Release */ = {
			isa = XCBuildConfiguration;
			buildSettings = {
				ALWAYS_SEARCH_USER_PATHS = NO;
				CLANG_ANALYZER_NONNULL = YES;
				CLANG_ANALYZER_NUMBER_OBJECT_CONVERSION = YES_AGGRESSIVE;
				CLANG_CXX_LANGUAGE_STANDARD = "gnu++17";
				CLANG_CXX_LIBRARY = "libc++";
				CLANG_ENABLE_MODULES = YES;
				CLANG_ENABLE_OBJC_ARC = YES;
				CLANG_ENABLE_OBJC_WEAK = YES;
				CLANG_WARN_BLOCK_CAPTURE_AUTORELEASING = YES;
				CLANG_WARN_BOOL_CONVERSION = YES;
				CLANG_WARN_COMMA = YES;
				CLANG_WARN_CONSTANT_CONVERSION = YES;
				CLANG_WARN_DEPRECATED_OBJC_IMPLEMENTATIONS = YES;
				CLANG_WARN_DIRECT_OBJC_ISA_USAGE = YES_ERROR;
				CLANG_WARN_DOCUMENTATION_COMMENTS = YES;
				CLANG_WARN_EMPTY_BODY = YES;
				CLANG_WARN_ENUM_CONVERSION = YES;
				CLANG_WARN_INFINITE_RECURSION = YES;
				CLANG_WARN_INT_CONVERSION = YES;
				CLANG_WARN_NON_LITERAL_NULL_CONVERSION = YES;
				CLANG_WARN_OBJC_IMPLICIT_RETAIN_SELF = YES;
				CLANG_WARN_OBJC_LITERAL_CONVERSION = YES;
				CLANG_WARN_OBJC_ROOT_CLASS = YES_ERROR;
				CLANG_WARN_QUOTED_INCLUDE_IN_FRAMEWORK_HEADER = YES;
				CLANG_WARN_RANGE_LOOP_ANALYSIS = YES;
				CLANG_WARN_STRICT_PROTOTYPES = YES;
				CLANG_WARN_SUSPICIOUS_MOVE = YES;
				CLANG_WARN_UNGUARDED_AVAILABILITY = YES_AGGRESSIVE;
				CLANG_WARN_UNREACHABLE_CODE = YES;
				CLANG_WARN__DUPLICATE_METHOD_MATCH = YES;
				COPY_PHASE_STRIP = NO;
				DEBUG_INFORMATION_FORMAT = "dwarf-with-dsym";
				ENABLE_NS_ASSERTIONS = NO;
				ENABLE_STRICT_OBJC_MSGSEND = YES;
				GCC_C_LANGUAGE_STANDARD = gnu11;
				GCC_NO_COMMON_BLOCKS = YES;
				GCC_WARN_64_TO_32_BIT_CONVERSION = YES;
				GCC_WARN_ABOUT_RETURN_TYPE = YES_ERROR;
				GCC_WARN_UNDECLARED_SELECTOR = YES;
				GCC_WARN_UNINITIALIZED_AUTOS = YES_AGGRESSIVE;
				GCC_WARN_UNUSED_FUNCTION = YES;
				GCC_WARN_UNUSED_VARIABLE = YES;
				IPHONEOS_DEPLOYMENT_TARGET = 15.2;
				MTL_ENABLE_DEBUG_INFO = NO;
				MTL_FAST_MATH = YES;
				SDKROOT = iphoneos;
				SWIFT_COMPILATION_MODE = wholemodule;
				SWIFT_OPTIMIZATION_LEVEL = "-O";
				VALIDATE_PRODUCT = YES;
			};
			name = Release;
		};
		22520E4627CC3D2B00D714EA /* Debug */ = {
			isa = XCBuildConfiguration;
			buildSettings = {
				ASSETCATALOG_COMPILER_APPICON_NAME = AppIcon;
				ASSETCATALOG_COMPILER_GLOBAL_ACCENT_COLOR_NAME = AccentColor;
				CODE_SIGN_STYLE = Automatic;
				CURRENT_PROJECT_VERSION = 1;
				DEVELOPMENT_ASSET_PATHS = "\"Hope/Preview Content\"";
				DEVELOPMENT_TEAM = RRBG8YJR6C;
				ENABLE_PREVIEWS = YES;
				GENERATE_INFOPLIST_FILE = YES;
				INFOPLIST_KEY_UIApplicationSceneManifest_Generation = YES;
				INFOPLIST_KEY_UIApplicationSupportsIndirectInputEvents = YES;
				INFOPLIST_KEY_UILaunchScreen_Generation = YES;
				INFOPLIST_KEY_UISupportedInterfaceOrientations_iPad = "UIInterfaceOrientationPortrait UIInterfaceOrientationPortraitUpsideDown UIInterfaceOrientationLandscapeLeft UIInterfaceOrientationLandscapeRight";
				INFOPLIST_KEY_UISupportedInterfaceOrientations_iPhone = "UIInterfaceOrientationPortrait UIInterfaceOrientationLandscapeLeft UIInterfaceOrientationLandscapeRight";
				LD_RUNPATH_SEARCH_PATHS = (
					"$(inherited)",
					"@executable_path/Frameworks",
				);
				MARKETING_VERSION = 1.0;
				PRODUCT_BUNDLE_IDENTIFIER = com.AlecScappa.Hope;
				PRODUCT_NAME = "$(TARGET_NAME)";
				SWIFT_EMIT_LOC_STRINGS = YES;
				SWIFT_VERSION = 5.0;
				TARGETED_DEVICE_FAMILY = "1,2";
			};
			name = Debug;
		};
		22520E4727CC3D2B00D714EA /* Release */ = {
			isa = XCBuildConfiguration;
			buildSettings = {
				ASSETCATALOG_COMPILER_APPICON_NAME = AppIcon;
				ASSETCATALOG_COMPILER_GLOBAL_ACCENT_COLOR_NAME = AccentColor;
				CODE_SIGN_STYLE = Automatic;
				CURRENT_PROJECT_VERSION = 1;
				DEVELOPMENT_ASSET_PATHS = "\"Hope/Preview Content\"";
				DEVELOPMENT_TEAM = RRBG8YJR6C;
				ENABLE_PREVIEWS = YES;
				GENERATE_INFOPLIST_FILE = YES;
				INFOPLIST_KEY_UIApplicationSceneManifest_Generation = YES;
				INFOPLIST_KEY_UIApplicationSupportsIndirectInputEvents = YES;
				INFOPLIST_KEY_UILaunchScreen_Generation = YES;
				INFOPLIST_KEY_UISupportedInterfaceOrientations_iPad = "UIInterfaceOrientationPortrait UIInterfaceOrientationPortraitUpsideDown UIInterfaceOrientationLandscapeLeft UIInterfaceOrientationLandscapeRight";
				INFOPLIST_KEY_UISupportedInterfaceOrientations_iPhone = "UIInterfaceOrientationPortrait UIInterfaceOrientationLandscapeLeft UIInterfaceOrientationLandscapeRight";
				LD_RUNPATH_SEARCH_PATHS = (
					"$(inherited)",
					"@executable_path/Frameworks",
				);
				MARKETING_VERSION = 1.0;
				PRODUCT_BUNDLE_IDENTIFIER = com.AlecScappa.Hope;
				PRODUCT_NAME = "$(TARGET_NAME)";
				SWIFT_EMIT_LOC_STRINGS = YES;
				SWIFT_VERSION = 5.0;
				TARGETED_DEVICE_FAMILY = "1,2";
			};
			name = Release;
		};
		22520E4927CC3D2B00D714EA /* Debug */ = {
			isa = XCBuildConfiguration;
			buildSettings = {
				ALWAYS_EMBED_SWIFT_STANDARD_LIBRARIES = YES;
				BUNDLE_LOADER = "$(TEST_HOST)";
				CODE_SIGN_STYLE = Automatic;
				CURRENT_PROJECT_VERSION = 1;
				DEVELOPMENT_TEAM = RRBG8YJR6C;
				GENERATE_INFOPLIST_FILE = YES;
				IPHONEOS_DEPLOYMENT_TARGET = 15.2;
				MARKETING_VERSION = 1.0;
				PRODUCT_BUNDLE_IDENTIFIER = com.AlecScappa.HopeTests;
				PRODUCT_NAME = "$(TARGET_NAME)";
				SWIFT_EMIT_LOC_STRINGS = NO;
				SWIFT_VERSION = 5.0;
				TARGETED_DEVICE_FAMILY = "1,2";
				TEST_HOST = "$(BUILT_PRODUCTS_DIR)/Hope.app/Hope";
			};
			name = Debug;
		};
		22520E4A27CC3D2B00D714EA /* Release */ = {
			isa = XCBuildConfiguration;
			buildSettings = {
				ALWAYS_EMBED_SWIFT_STANDARD_LIBRARIES = YES;
				BUNDLE_LOADER = "$(TEST_HOST)";
				CODE_SIGN_STYLE = Automatic;
				CURRENT_PROJECT_VERSION = 1;
				DEVELOPMENT_TEAM = RRBG8YJR6C;
				GENERATE_INFOPLIST_FILE = YES;
				IPHONEOS_DEPLOYMENT_TARGET = 15.2;
				MARKETING_VERSION = 1.0;
				PRODUCT_BUNDLE_IDENTIFIER = com.AlecScappa.HopeTests;
				PRODUCT_NAME = "$(TARGET_NAME)";
				SWIFT_EMIT_LOC_STRINGS = NO;
				SWIFT_VERSION = 5.0;
				TARGETED_DEVICE_FAMILY = "1,2";
				TEST_HOST = "$(BUILT_PRODUCTS_DIR)/Hope.app/Hope";
			};
			name = Release;
		};
		22520E4C27CC3D2B00D714EA /* Debug */ = {
			isa = XCBuildConfiguration;
			buildSettings = {
				ALWAYS_EMBED_SWIFT_STANDARD_LIBRARIES = YES;
				CODE_SIGN_STYLE = Automatic;
				CURRENT_PROJECT_VERSION = 1;
				DEVELOPMENT_TEAM = RRBG8YJR6C;
				GENERATE_INFOPLIST_FILE = YES;
				MARKETING_VERSION = 1.0;
				PRODUCT_BUNDLE_IDENTIFIER = com.AlecScappa.HopeUITests;
				PRODUCT_NAME = "$(TARGET_NAME)";
				SWIFT_EMIT_LOC_STRINGS = NO;
				SWIFT_VERSION = 5.0;
				TARGETED_DEVICE_FAMILY = "1,2";
				TEST_TARGET_NAME = Hope;
			};
			name = Debug;
		};
		22520E4D27CC3D2B00D714EA /* Release */ = {
			isa = XCBuildConfiguration;
			buildSettings = {
				ALWAYS_EMBED_SWIFT_STANDARD_LIBRARIES = YES;
				CODE_SIGN_STYLE = Automatic;
				CURRENT_PROJECT_VERSION = 1;
				DEVELOPMENT_TEAM = RRBG8YJR6C;
				GENERATE_INFOPLIST_FILE = YES;
				MARKETING_VERSION = 1.0;
				PRODUCT_BUNDLE_IDENTIFIER = com.AlecScappa.HopeUITests;
				PRODUCT_NAME = "$(TARGET_NAME)";
				SWIFT_EMIT_LOC_STRINGS = NO;
				SWIFT_VERSION = 5.0;
				TARGETED_DEVICE_FAMILY = "1,2";
				TEST_TARGET_NAME = Hope;
			};
			name = Release;
		};
/* End XCBuildConfiguration section */

/* Begin XCConfigurationList section */
		22520E1C27CC3D2800D714EA /* Build configuration list for PBXProject "Hope" */ = {
			isa = XCConfigurationList;
			buildConfigurations = (
				22520E4327CC3D2B00D714EA /* Debug */,
				22520E4427CC3D2B00D714EA /* Release */,
			);
			defaultConfigurationIsVisible = 0;
			defaultConfigurationName = Release;
		};
		22520E4527CC3D2B00D714EA /* Build configuration list for PBXNativeTarget "Hope" */ = {
			isa = XCConfigurationList;
			buildConfigurations = (
				22520E4627CC3D2B00D714EA /* Debug */,
				22520E4727CC3D2B00D714EA /* Release */,
			);
			defaultConfigurationIsVisible = 0;
			defaultConfigurationName = Release;
		};
		22520E4827CC3D2B00D714EA /* Build configuration list for PBXNativeTarget "HopeTests" */ = {
			isa = XCConfigurationList;
			buildConfigurations = (
				22520E4927CC3D2B00D714EA /* Debug */,
				22520E4A27CC3D2B00D714EA /* Release */,
			);
			defaultConfigurationIsVisible = 0;
			defaultConfigurationName = Release;
		};
		22520E4B27CC3D2B00D714EA /* Build configuration list for PBXNativeTarget "HopeUITests" */ = {
			isa = XCConfigurationList;
			buildConfigurations = (
				22520E4C27CC3D2B00D714EA /* Debug */,
				22520E4D27CC3D2B00D714EA /* Release */,
			);
			defaultConfigurationIsVisible = 0;
			defaultConfigurationName = Release;
		};
/* End XCConfigurationList section */
	};
	rootObject = 22520E1927CC3D2800D714EA /* Project object */;
}
